// !$*UTF8*$!
{
	archiveVersion = 1;
	classes = {
	};
	objectVersion = 50;
	objects = {

/* Begin PBXBuildFile section */
		2AAA9F8C2485C1A500790B42 /* AppDelegate.swift in Sources */ = {isa = PBXBuildFile; fileRef = 2AAA9F8B2485C1A500790B42 /* AppDelegate.swift */; };
		2AAA9F902485C1A600790B42 /* Assets.xcassets in Resources */ = {isa = PBXBuildFile; fileRef = 2AAA9F8F2485C1A600790B42 /* Assets.xcassets */; };
		2AAA9F932485C1A600790B42 /* Main.storyboard in Resources */ = {isa = PBXBuildFile; fileRef = 2AAA9F912485C1A600790B42 /* Main.storyboard */; };
		2AAA9F9F2485C35200790B42 /* KotlinMenuBar.framework in Frameworks */ = {isa = PBXBuildFile; fileRef = 2AAA9F9E2485C35200790B42 /* KotlinMenuBar.framework */; };
		2AAA9FA02485C35200790B42 /* KotlinMenuBar.framework in Embed Frameworks */ = {isa = PBXBuildFile; fileRef = 2AAA9F9E2485C35200790B42 /* KotlinMenuBar.framework */; settings = {ATTRIBUTES = (CodeSignOnCopy, RemoveHeadersOnCopy, ); }; };
		2AAA9FA9248608CE00790B42 /* README.md in Resources */ = {isa = PBXBuildFile; fileRef = 2AAA9FA4248608CE00790B42 /* README.md */; };
		2AAA9FAA248608CE00790B42 /* settings.gradle.kts in Resources */ = {isa = PBXBuildFile; fileRef = 2AAA9FA5248608CE00790B42 /* settings.gradle.kts */; };
		2AAA9FAB248608CE00790B42 /* src in Resources */ = {isa = PBXBuildFile; fileRef = 2AAA9FA6248608CE00790B42 /* src */; };
		2AAA9FAC248608CE00790B42 /* LICENSE.md in Resources */ = {isa = PBXBuildFile; fileRef = 2AAA9FA7248608CE00790B42 /* LICENSE.md */; };
		2AAA9FAD248608CE00790B42 /* build.gradle.kts in Resources */ = {isa = PBXBuildFile; fileRef = 2AAA9FA8248608CE00790B42 /* build.gradle.kts */; };
/* End PBXBuildFile section */

/* Begin PBXCopyFilesBuildPhase section */
		2AAA9FA12485C35200790B42 /* Embed Frameworks */ = {
			isa = PBXCopyFilesBuildPhase;
			buildActionMask = 2147483647;
			dstPath = "";
			dstSubfolderSpec = 10;
			files = (
				2AAA9FA02485C35200790B42 /* KotlinMenuBar.framework in Embed Frameworks */,
			);
			name = "Embed Frameworks";
			runOnlyForDeploymentPostprocessing = 0;
		};
/* End PBXCopyFilesBuildPhase section */

/* Begin PBXFileReference section */
		2AAA9F882485C1A500790B42 /* KMenuBar.app */ = {isa = PBXFileReference; explicitFileType = wrapper.application; includeInIndex = 0; path = KMenuBar.app; sourceTree = BUILT_PRODUCTS_DIR; };
		2AAA9F8B2485C1A500790B42 /* AppDelegate.swift */ = {isa = PBXFileReference; lastKnownFileType = sourcecode.swift; path = AppDelegate.swift; sourceTree = "<group>"; };
		2AAA9F8F2485C1A600790B42 /* Assets.xcassets */ = {isa = PBXFileReference; lastKnownFileType = folder.assetcatalog; path = Assets.xcassets; sourceTree = "<group>"; };
		2AAA9F922485C1A600790B42 /* Base */ = {isa = PBXFileReference; lastKnownFileType = file.storyboard; name = Base; path = Base.lproj/Main.storyboard; sourceTree = "<group>"; };
		2AAA9F942485C1A600790B42 /* Info.plist */ = {isa = PBXFileReference; lastKnownFileType = text.plist.xml; path = Info.plist; sourceTree = "<group>"; };
		2AAA9F952485C1A600790B42 /* KMenuBar.entitlements */ = {isa = PBXFileReference; lastKnownFileType = text.plist.entitlements; path = KMenuBar.entitlements; sourceTree = "<group>"; };
		2AAA9F9E2485C35200790B42 /* KotlinMenuBar.framework */ = {isa = PBXFileReference; lastKnownFileType = wrapper.framework; name = KotlinMenuBar.framework; path = build/bin/macosX64/debugFramework/KotlinMenuBar.framework; sourceTree = "<group>"; };
		2AAA9FA4248608CE00790B42 /* README.md */ = {isa = PBXFileReference; fileEncoding = 4; lastKnownFileType = net.daringfireball.markdown; path = README.md; sourceTree = "<group>"; };
		2AAA9FA5248608CE00790B42 /* settings.gradle.kts */ = {isa = PBXFileReference; fileEncoding = 4; lastKnownFileType = text; path = settings.gradle.kts; sourceTree = "<group>"; };
		2AAA9FA6248608CE00790B42 /* src */ = {isa = PBXFileReference; lastKnownFileType = folder; path = src; sourceTree = "<group>"; };
		2AAA9FA7248608CE00790B42 /* LICENSE.md */ = {isa = PBXFileReference; fileEncoding = 4; lastKnownFileType = net.daringfireball.markdown; path = LICENSE.md; sourceTree = "<group>"; };
		2AAA9FA8248608CE00790B42 /* build.gradle.kts */ = {isa = PBXFileReference; fileEncoding = 4; lastKnownFileType = text; path = build.gradle.kts; sourceTree = "<group>"; };
/* End PBXFileReference section */

/* Begin PBXFrameworksBuildPhase section */
		2AAA9F852485C1A500790B42 /* Frameworks */ = {
			isa = PBXFrameworksBuildPhase;
			buildActionMask = 2147483647;
			files = (
				2AAA9F9F2485C35200790B42 /* KotlinMenuBar.framework in Frameworks */,
			);
			runOnlyForDeploymentPostprocessing = 0;
		};
/* End PBXFrameworksBuildPhase section */

/* Begin PBXGroup section */
		2AAA9F7F2485C1A500790B42 = {
			isa = PBXGroup;
			children = (
				2AAA9FA8248608CE00790B42 /* build.gradle.kts */,
				2AAA9FA7248608CE00790B42 /* LICENSE.md */,
				2AAA9FA4248608CE00790B42 /* README.md */,
				2AAA9FA5248608CE00790B42 /* settings.gradle.kts */,
				2AAA9FA6248608CE00790B42 /* src */,
				2AAA9F8A2485C1A500790B42 /* KMenuBar */,
				2AAA9F892485C1A500790B42 /* Products */,
				2AAA9F9D2485C35200790B42 /* Frameworks */,
			);
			sourceTree = "<group>";
		};
		2AAA9F892485C1A500790B42 /* Products */ = {
			isa = PBXGroup;
			children = (
				2AAA9F882485C1A500790B42 /* KMenuBar.app */,
			);
			name = Products;
			sourceTree = "<group>";
		};
		2AAA9F8A2485C1A500790B42 /* KMenuBar */ = {
			isa = PBXGroup;
			children = (
				2AAA9F8B2485C1A500790B42 /* AppDelegate.swift */,
				2AAA9F8F2485C1A600790B42 /* Assets.xcassets */,
				2AAA9F912485C1A600790B42 /* Main.storyboard */,
				2AAA9F942485C1A600790B42 /* Info.plist */,
				2AAA9F952485C1A600790B42 /* KMenuBar.entitlements */,
			);
			path = KMenuBar;
			sourceTree = "<group>";
		};
		2AAA9F9D2485C35200790B42 /* Frameworks */ = {
			isa = PBXGroup;
			children = (
				2AAA9F9E2485C35200790B42 /* KotlinMenuBar.framework */,
			);
			name = Frameworks;
			sourceTree = "<group>";
		};
/* End PBXGroup section */

/* Begin PBXNativeTarget section */
		2AAA9F872485C1A500790B42 /* KMenuBar */ = {
			isa = PBXNativeTarget;
			buildConfigurationList = 2AAA9F982485C1A600790B42 /* Build configuration list for PBXNativeTarget "KMenuBar" */;
			buildPhases = (
				2AAA9F9B2485C1CA00790B42 /* ShellScript */,
				2AAA9F842485C1A500790B42 /* Sources */,
				2AAA9F9C2485C26A00790B42 /* ShellScript */,
				2AAA9F852485C1A500790B42 /* Frameworks */,
				2AAA9F862485C1A500790B42 /* Resources */,
				2AAA9FA12485C35200790B42 /* Embed Frameworks */,
			);
			buildRules = (
			);
			dependencies = (
			);
			name = KMenuBar;
			productName = KMenuBar;
			productReference = 2AAA9F882485C1A500790B42 /* KMenuBar.app */;
			productType = "com.apple.product-type.application";
		};
/* End PBXNativeTarget section */

/* Begin PBXProject section */
		2AAA9F802485C1A500790B42 /* Project object */ = {
			isa = PBXProject;
			attributes = {
				LastSwiftUpdateCheck = 1150;
				LastUpgradeCheck = 1150;
				ORGANIZATIONNAME = "Kenneth Endfinger";
				TargetAttributes = {
					2AAA9F872485C1A500790B42 = {
						CreatedOnToolsVersion = 11.5;
					};
				};
			};
			buildConfigurationList = 2AAA9F832485C1A500790B42 /* Build configuration list for PBXProject "KMenuBar" */;
			compatibilityVersion = "Xcode 9.3";
			developmentRegion = en;
			hasScannedForEncodings = 0;
			knownRegions = (
				en,
				Base,
			);
			mainGroup = 2AAA9F7F2485C1A500790B42;
			productRefGroup = 2AAA9F892485C1A500790B42 /* Products */;
			projectDirPath = "";
			projectRoot = "";
			targets = (
				2AAA9F872485C1A500790B42 /* KMenuBar */,
			);
		};
/* End PBXProject section */

/* Begin PBXResourcesBuildPhase section */
		2AAA9F862485C1A500790B42 /* Resources */ = {
			isa = PBXResourcesBuildPhase;
			buildActionMask = 2147483647;
			files = (
				2AAA9FA9248608CE00790B42 /* README.md in Resources */,
				2AAA9FAA248608CE00790B42 /* settings.gradle.kts in Resources */,
				2AAA9FAD248608CE00790B42 /* build.gradle.kts in Resources */,
				2AAA9F902485C1A600790B42 /* Assets.xcassets in Resources */,
				2AAA9F932485C1A600790B42 /* Main.storyboard in Resources */,
				2AAA9FAC248608CE00790B42 /* LICENSE.md in Resources */,
				2AAA9FAB248608CE00790B42 /* src in Resources */,
			);
			runOnlyForDeploymentPostprocessing = 0;
		};
/* End PBXResourcesBuildPhase section */

/* Begin PBXShellScriptBuildPhase section */
		2AAA9F9B2485C1CA00790B42 /* ShellScript */ = {
			isa = PBXShellScriptBuildPhase;
			buildActionMask = 2147483647;
			files = (
			);
			inputFileListPaths = (
			);
			inputPaths = (
			);
			outputFileListPaths = (
			);
			outputPaths = (
			);
			runOnlyForDeploymentPostprocessing = 0;
			shellPath = /bin/sh;
			shellScript = "#!/bin/sh\nset -e\ncd \"${PROJECT_DIR}\"\nexport JAVA_HOME=\"$(/usr/libexec/java_home -R -v 11)\"\n./gradlew linkDebugFrameworkMacosX64\n";
		};
		2AAA9F9C2485C26A00790B42 /* ShellScript */ = {
			isa = PBXShellScriptBuildPhase;
			buildActionMask = 2147483647;
			files = (
			);
			inputFileListPaths = (
			);
			inputPaths = (
			);
			outputFileListPaths = (
			);
			outputPaths = (
			);
			runOnlyForDeploymentPostprocessing = 0;
			shellPath = /bin/sh;
			shellScript = "#!/bin/sh\nset -e\n\nif [ -z \"${SWIFT_LINT}\" ]\nthen\n  if which swiftlint > /dev/null\n  then\n    SWIFT_LINT=\"$(which swiftlint)\"\n  elif [ -x \"/usr/local/bin/swiftlint\" ]\n  then\n    SWIFT_LINT=\"/usr/local/bin/swiftlint\"\n  fi\nfi\n\nif [ -x \"${SWIFT_LINT}\" ]\nthen\n  exec \"${SWIFT_LINT}\"\nelse\n  echo \"warning: SwiftLint not installed, download from https://github.com/realm/SwiftLint\"\nfi\n";
		};
/* End PBXShellScriptBuildPhase section */

/* Begin PBXSourcesBuildPhase section */
		2AAA9F842485C1A500790B42 /* Sources */ = {
			isa = PBXSourcesBuildPhase;
			buildActionMask = 2147483647;
			files = (
				2AAA9F8C2485C1A500790B42 /* AppDelegate.swift in Sources */,
			);
			runOnlyForDeploymentPostprocessing = 0;
		};
/* End PBXSourcesBuildPhase section */

/* Begin PBXVariantGroup section */
		2AAA9F912485C1A600790B42 /* Main.storyboard */ = {
			isa = PBXVariantGroup;
			children = (
				2AAA9F922485C1A600790B42 /* Base */,
			);
			name = Main.storyboard;
			sourceTree = "<group>";
		};
/* End PBXVariantGroup section */

/* Begin XCBuildConfiguration section */
		2AAA9F962485C1A600790B42 /* Debug */ = {
			isa = XCBuildConfiguration;
			buildSettings = {
				ALWAYS_SEARCH_USER_PATHS = NO;
				CLANG_ANALYZER_NONNULL = YES;
				CLANG_ANALYZER_NUMBER_OBJECT_CONVERSION = YES_AGGRESSIVE;
				CLANG_CXX_LANGUAGE_STANDARD = "gnu++14";
				CLANG_CXX_LIBRARY = "libc++";
				CLANG_ENABLE_MODULES = YES;
				CLANG_ENABLE_OBJC_ARC = YES;
				CLANG_ENABLE_OBJC_WEAK = YES;
				CLANG_WARN_BLOCK_CAPTURE_AUTORELEASING = YES;
				CLANG_WARN_BOOL_CONVERSION = YES;
				CLANG_WARN_COMMA = YES;
				CLANG_WARN_CONSTANT_CONVERSION = YES;
				CLANG_WARN_DEPRECATED_OBJC_IMPLEMENTATIONS = YES;
				CLANG_WARN_DIRECT_OBJC_ISA_USAGE = YES_ERROR;
				CLANG_WARN_DOCUMENTATION_COMMENTS = YES;
				CLANG_WARN_EMPTY_BODY = YES;
				CLANG_WARN_ENUM_CONVERSION = YES;
				CLANG_WARN_INFINITE_RECURSION = YES;
				CLANG_WARN_INT_CONVERSION = YES;
				CLANG_WARN_NON_LITERAL_NULL_CONVERSION = YES;
				CLANG_WARN_OBJC_IMPLICIT_RETAIN_SELF = YES;
				CLANG_WARN_OBJC_LITERAL_CONVERSION = YES;
				CLANG_WARN_OBJC_ROOT_CLASS = YES_ERROR;
				CLANG_WARN_RANGE_LOOP_ANALYSIS = YES;
				CLANG_WARN_STRICT_PROTOTYPES = YES;
				CLANG_WARN_SUSPICIOUS_MOVE = YES;
				CLANG_WARN_UNGUARDED_AVAILABILITY = YES_AGGRESSIVE;
				CLANG_WARN_UNREACHABLE_CODE = YES;
				CLANG_WARN__DUPLICATE_METHOD_MATCH = YES;
				COPY_PHASE_STRIP = NO;
				DEBUG_INFORMATION_FORMAT = dwarf;
				ENABLE_STRICT_OBJC_MSGSEND = YES;
				ENABLE_TESTABILITY = YES;
				GCC_C_LANGUAGE_STANDARD = gnu11;
				GCC_DYNAMIC_NO_PIC = NO;
				GCC_NO_COMMON_BLOCKS = YES;
				GCC_OPTIMIZATION_LEVEL = 0;
				GCC_PREPROCESSOR_DEFINITIONS = (
					"DEBUG=1",
					"$(inherited)",
				);
				GCC_WARN_64_TO_32_BIT_CONVERSION = YES;
				GCC_WARN_ABOUT_RETURN_TYPE = YES_ERROR;
				GCC_WARN_UNDECLARED_SELECTOR = YES;
				GCC_WARN_UNINITIALIZED_AUTOS = YES_AGGRESSIVE;
				GCC_WARN_UNUSED_FUNCTION = YES;
				GCC_WARN_UNUSED_VARIABLE = YES;
				MACOSX_DEPLOYMENT_TARGET = 10.15;
				MTL_ENABLE_DEBUG_INFO = INCLUDE_SOURCE;
				MTL_FAST_MATH = YES;
				ONLY_ACTIVE_ARCH = YES;
				SDKROOT = macosx;
				SWIFT_ACTIVE_COMPILATION_CONDITIONS = DEBUG;
				SWIFT_OPTIMIZATION_LEVEL = "-Onone";
			};
			name = Debug;
		};
		2AAA9F972485C1A600790B42 /* Release */ = {
			isa = XCBuildConfiguration;
			buildSettings = {
				ALWAYS_SEARCH_USER_PATHS = NO;
				CLANG_ANALYZER_NONNULL = YES;
				CLANG_ANALYZER_NUMBER_OBJECT_CONVERSION = YES_AGGRESSIVE;
				CLANG_CXX_LANGUAGE_STANDARD = "gnu++14";
				CLANG_CXX_LIBRARY = "libc++";
				CLANG_ENABLE_MODULES = YES;
				CLANG_ENABLE_OBJC_ARC = YES;
				CLANG_ENABLE_OBJC_WEAK = YES;
				CLANG_WARN_BLOCK_CAPTURE_AUTORELEASING = YES;
				CLANG_WARN_BOOL_CONVERSION = YES;
				CLANG_WARN_COMMA = YES;
				CLANG_WARN_CONSTANT_CONVERSION = YES;
				CLANG_WARN_DEPRECATED_OBJC_IMPLEMENTATIONS = YES;
				CLANG_WARN_DIRECT_OBJC_ISA_USAGE = YES_ERROR;
				CLANG_WARN_DOCUMENTATION_COMMENTS = YES;
				CLANG_WARN_EMPTY_BODY = YES;
				CLANG_WARN_ENUM_CONVERSION = YES;
				CLANG_WARN_INFINITE_RECURSION = YES;
				CLANG_WARN_INT_CONVERSION = YES;
				CLANG_WARN_NON_LITERAL_NULL_CONVERSION = YES;
				CLANG_WARN_OBJC_IMPLICIT_RETAIN_SELF = YES;
				CLANG_WARN_OBJC_LITERAL_CONVERSION = YES;
				CLANG_WARN_OBJC_ROOT_CLASS = YES_ERROR;
				CLANG_WARN_RANGE_LOOP_ANALYSIS = YES;
				CLANG_WARN_STRICT_PROTOTYPES = YES;
				CLANG_WARN_SUSPICIOUS_MOVE = YES;
				CLANG_WARN_UNGUARDED_AVAILABILITY = YES_AGGRESSIVE;
				CLANG_WARN_UNREACHABLE_CODE = YES;
				CLANG_WARN__DUPLICATE_METHOD_MATCH = YES;
				COPY_PHASE_STRIP = NO;
				DEBUG_INFORMATION_FORMAT = "dwarf-with-dsym";
				ENABLE_NS_ASSERTIONS = NO;
				ENABLE_STRICT_OBJC_MSGSEND = YES;
				GCC_C_LANGUAGE_STANDARD = gnu11;
				GCC_NO_COMMON_BLOCKS = YES;
				GCC_WARN_64_TO_32_BIT_CONVERSION = YES;
				GCC_WARN_ABOUT_RETURN_TYPE = YES_ERROR;
				GCC_WARN_UNDECLARED_SELECTOR = YES;
				GCC_WARN_UNINITIALIZED_AUTOS = YES_AGGRESSIVE;
				GCC_WARN_UNUSED_FUNCTION = YES;
				GCC_WARN_UNUSED_VARIABLE = YES;
				MACOSX_DEPLOYMENT_TARGET = 10.15;
				MTL_ENABLE_DEBUG_INFO = NO;
				MTL_FAST_MATH = YES;
				SDKROOT = macosx;
				SWIFT_COMPILATION_MODE = wholemodule;
				SWIFT_OPTIMIZATION_LEVEL = "-O";
			};
			name = Release;
		};
		2AAA9F992485C1A600790B42 /* Debug */ = {
			isa = XCBuildConfiguration;
			buildSettings = {
				ASSETCATALOG_COMPILER_APPICON_NAME = AppIcon;
				CODE_SIGN_ENTITLEMENTS = KMenuBar/KMenuBar.entitlements;
				CODE_SIGN_STYLE = Automatic;
				COMBINE_HIDPI_IMAGES = YES;
				DEVELOPMENT_TEAM = 3FQW5YTQR8;
				ENABLE_HARDENED_RUNTIME = YES;
				FRAMEWORK_SEARCH_PATHS = (
					"$(inherited)",
					"$(PROJECT_DIR)/build/bin/macosX64/debugFramework",
				);
				INFOPLIST_FILE = KMenuBar/Info.plist;
				LD_RUNPATH_SEARCH_PATHS = (
					"$(inherited)",
					"@executable_path/../Frameworks",
				);
				PRODUCT_BUNDLE_IDENTIFIER = org.kmenubar.KMenuBar;
				PRODUCT_NAME = "$(TARGET_NAME)";
				SWIFT_VERSION = 5.0;
			};
			name = Debug;
		};
		2AAA9F9A2485C1A600790B42 /* Release */ = {
			isa = XCBuildConfiguration;
			buildSettings = {
				ASSETCATALOG_COMPILER_APPICON_NAME = AppIcon;
				CODE_SIGN_ENTITLEMENTS = KMenuBar/KMenuBar.entitlements;
				CODE_SIGN_STYLE = Automatic;
				COMBINE_HIDPI_IMAGES = YES;
				DEVELOPMENT_TEAM = 3FQW5YTQR8;
				ENABLE_HARDENED_RUNTIME = YES;
				FRAMEWORK_SEARCH_PATHS = (
					"$(inherited)",
					"$(PROJECT_DIR)/build/bin/macosX64/debugFramework",
				);
				INFOPLIST_FILE = KMenuBar/Info.plist;
				LD_RUNPATH_SEARCH_PATHS = (
					"$(inherited)",
					"@executable_path/../Frameworks",
				);
				PRODUCT_BUNDLE_IDENTIFIER = org.kmenubar.KMenuBar;
				PRODUCT_NAME = "$(TARGET_NAME)";
				SWIFT_VERSION = 5.0;
			};
			name = Release;
		};
/* End XCBuildConfiguration section */

/* Begin XCConfigurationList section */
		2AAA9F832485C1A500790B42 /* Build configuration list for PBXProject "KMenuBar" */ = {
			isa = XCConfigurationList;
			buildConfigurations = (
				2AAA9F962485C1A600790B42 /* Debug */,
				2AAA9F972485C1A600790B42 /* Release */,
			);
			defaultConfigurationIsVisible = 0;
			defaultConfigurationName = Release;
		};
		2AAA9F982485C1A600790B42 /* Build configuration list for PBXNativeTarget "KMenuBar" */ = {
			isa = XCConfigurationList;
			buildConfigurations = (
				2AAA9F992485C1A600790B42 /* Debug */,
				2AAA9F9A2485C1A600790B42 /* Release */,
			);
			defaultConfigurationIsVisible = 0;
			defaultConfigurationName = Release;
		};
/* End XCConfigurationList section */
	};
	rootObject = 2AAA9F802485C1A500790B42 /* Project object */;
}
